{
  "nodes": {
    "disko": {
      "inputs": {
        "nixpkgs": [
          "nixpkgs"
        ]
      },
      "locked": {
        "lastModified": 1684472660,
        "narHash": "sha256-P4sR6f27FKoQuGnThELALUuJeu9mZ9Zh7/dYdaAd2ek=",
        "owner": "nix-community",
        "repo": "disko",
        "rev": "efb2016c8e6a91ea64e0604d69e332d8aceabb95",
        "type": "github"
      },
      "original": {
        "owner": "nix-community",
        "repo": "disko",
        "type": "github"
      }
    },
    "emacs-overlay": {
      "inputs": {
        "flake-utils": "flake-utils",
        "nixpkgs": "nixpkgs"
      },
      "locked": {
        "lastModified": 1684490968,
        "narHash": "sha256-aul6buIUWkzGawOsXzSpyCIs6MPckvHvWe68lPQvv84=",
        "owner": "nix-community",
        "repo": "emacs-overlay",
        "rev": "bbf5f5da6bd4c6e002dd766b8c337a0c40f7c467",
        "type": "github"
      },
      "original": {
        "owner": "nix-community",
        "repo": "emacs-overlay",
        "rev": "bbf5f5da6bd4c6e002dd766b8c337a0c40f7c467",
        "type": "github"
      }
    },
    "flake-compat": {
      "flake": false,
      "locked": {
        "lastModified": 1673956053,
        "narHash": "sha256-4gtG9iQuiKITOjNQQeQIpoIB6b16fm+504Ch3sNKLd8=",
        "owner": "edolstra",
        "repo": "flake-compat",
        "rev": "35bb57c0c8d8b62bbfd284272c928ceb64ddbde9",
        "type": "github"
      },
      "original": {
        "owner": "edolstra",
        "repo": "flake-compat",
        "type": "github"
      }
    },
    "flake-utils": {
      "locked": {
        "lastModified": 1667395993,
        "narHash": "sha256-nuEHfE/LcWyuSWnS8t12N1wc105Qtau+/OdUAjtQ0rA=",
        "owner": "numtide",
        "repo": "flake-utils",
        "rev": "5aed5285a952e0b949eb3ba02c12fa4fcfef535f",
        "type": "github"
      },
      "original": {
        "owner": "numtide",
        "repo": "flake-utils",
        "type": "github"
      }
    },
    "flake-utils_2": {
      "inputs": {
        "systems": "systems"
      },
      "locked": {
        "lastModified": 1681202837,
        "narHash": "sha256-H+Rh19JDwRtpVPAWp64F+rlEtxUWBAQW28eAi3SRSzg=",
        "owner": "numtide",
        "repo": "flake-utils",
        "rev": "cfacdce06f30d2b68473a46042957675eebb3401",
        "type": "github"
      },
      "original": {
        "owner": "numtide",
        "repo": "flake-utils",
        "type": "github"
      }
    },
    "home-manager": {
      "inputs": {
        "nixpkgs": [
          "nixpkgs"
        ]
      },
      "locked": {
        "lastModified": 1684484967,
        "narHash": "sha256-P3ftCqeJmDYS9LSr2gGC4XGGcp5vv8TOasJX6fVHWsw=",
        "owner": "nix-community",
        "repo": "home-manager",
        "rev": "b9a52ad20e58ebd003444915e35e3dd2c18fc715",
        "type": "github"
      },
      "original": {
        "owner": "nix-community",
        "repo": "home-manager",
        "type": "github"
      }
    },
    "hyprland": {
      "inputs": {
        "hyprland-protocols": "hyprland-protocols",
        "nixpkgs": "nixpkgs_2",
        "wlroots": "wlroots",
        "xdph": "xdph"
      },
      "locked": {
        "lastModified": 1684332077,
        "narHash": "sha256-briamwodIZsYolceEjX41mqw/VkKiHuIEprw0u5wioY=",
        "owner": "hyprwm",
        "repo": "Hyprland",
        "rev": "79b8576df9630ea1c0fb1c6e399a424c3dcdcd47",
        "type": "github"
      },
      "original": {
        "owner": "hyprwm",
        "repo": "Hyprland",
        "type": "github"
      }
    },
    "hyprland-protocols": {
      "inputs": {
        "nixpkgs": [
          "hyprland",
          "nixpkgs"
        ]
      },
      "locked": {
        "lastModified": 1681065697,
        "narHash": "sha256-QPzwwlGKX95tl6ZEshboZbEwwAXww6lNLdVYd6T9Mrc=",
        "owner": "hyprwm",
        "repo": "hyprland-protocols",
        "rev": "4d29e48433270a2af06b8bc711ca1fe5109746cd",
        "type": "github"
      },
      "original": {
        "owner": "hyprwm",
        "repo": "hyprland-protocols",
        "type": "github"
      }
    },
    "nix-alien": {
      "inputs": {
        "flake-compat": "flake-compat",
        "flake-utils": "flake-utils_2",
        "nix-index-database": "nix-index-database",
        "nixpkgs": "nixpkgs_3"
      },
      "locked": {
        "lastModified": 1684141263,
        "narHash": "sha256-1qCufLMIbHFk3wBTjzYPBOUvd8qzDdKTvQm02w9nSMw=",
        "owner": "thiagokokada",
        "repo": "nix-alien",
        "rev": "e3257c36d3b0bc2317c7d6d25aa06dcc2ba6c09c",
        "type": "github"
      },
      "original": {
        "owner": "thiagokokada",
        "repo": "nix-alien",
        "type": "github"
      }
    },
    "nix-index-database": {
      "inputs": {
        "nixpkgs": [
          "nix-alien",
          "nixpkgs"
        ]
      },
      "locked": {
        "lastModified": 1683638468,
        "narHash": "sha256-tQEaGZfZ2Hpw+XIVEHaJ8FaF1yNQyMDDhUyIQ7LTIEg=",
        "owner": "Mic92",
        "repo": "nix-index-database",
        "rev": "219067a5e3cf4b9581c8b4fcfc59ecd5af953d07",
        "type": "github"
      },
      "original": {
        "owner": "Mic92",
        "repo": "nix-index-database",
        "type": "github"
      }
    },
    "nixpkgs": {
      "locked": {
        "lastModified": 1673540789,
        "narHash": "sha256-xqnxBOK3qctIeUVxecydrEDbEXjsvHCPGPbvsl63M/U=",
        "owner": "NixOS",
        "repo": "nixpkgs",
        "rev": "0f213d0fee84280d8c3a97f7469b988d6fe5fcdf",
        "type": "github"
      },
      "original": {
        "owner": "NixOS",
        "ref": "nixos-unstable",
        "repo": "nixpkgs",
        "type": "github"
      }
    },
    "nixpkgs_2": {
      "locked": {
        "lastModified": 1683014792,
        "narHash": "sha256-6Va9iVtmmsw4raBc3QKvQT2KT/NGRWlvUlJj46zN8B8=",
        "owner": "NixOS",
        "repo": "nixpkgs",
        "rev": "1a411f23ba299db155a5b45d5e145b85a7aafc42",
        "type": "github"
      },
      "original": {
        "owner": "NixOS",
        "ref": "nixos-unstable",
        "repo": "nixpkgs",
        "type": "github"
      }
    },
    "nixpkgs_3": {
      "locked": {
        "lastModified": 1684091592,
        "narHash": "sha256-GBGqOd/owyHARCM/kz1OGnUUqEWGWEVcj9+zrl3vVlI=",
        "owner": "NixOS",
        "repo": "nixpkgs",
        "rev": "3007746b3f5bfcb49e102b517bca891822a41b31",
        "type": "github"
      },
      "original": {
        "owner": "NixOS",
        "ref": "nixpkgs-unstable",
        "repo": "nixpkgs",
        "type": "github"
      }
    },
    "nixpkgs_4": {
      "locked": {
        "lastModified": 1684385584,
        "narHash": "sha256-O7y0gK8OLIDqz+LaHJJyeu09IGiXlZIS3+JgEzGmmJA=",
        "owner": "Nixos",
        "repo": "nixpkgs",
        "rev": "48a0fb7aab511df92a17cf239c37f2bd2ec9ae3a",
        "type": "github"
      },
      "original": {
        "owner": "Nixos",
        "ref": "nixos-unstable",
        "repo": "nixpkgs",
        "type": "github"
      }
    },
    "nurpkgs": {
      "locked": {
        "lastModified": 1684500955,
        "narHash": "sha256-EJUdpm4lkMn+/HUl3NSHutK+jDLdOHvGBWgz8RlT6Ck=",
        "owner": "nix-community",
        "repo": "NUR",
        "rev": "98294130adb4c09ac5f66e83bf98d80b7853f1d3",
        "type": "github"
      },
      "original": {
        "owner": "nix-community",
        "repo": "NUR",
        "type": "github"
      }
    },
    "root": {
      "inputs": {
        "disko": "disko",
        "emacs-overlay": "emacs-overlay",
        "home-manager": "home-manager",
        "hyprland": "hyprland",
        "nix-alien": "nix-alien",
        "nixpkgs": "nixpkgs_4",
        "nurpkgs": "nurpkgs",
        "stablepkgs": "stablepkgs"
      }
    },
    "stablepkgs": {
      "locked": {
        "lastModified": 1684398685,
        "narHash": "sha256-TRE62m91iZ5ArVMgA+uj22Yda8JoQuuhc9uwZ+NoX+0=",
        "owner": "nixos",
        "repo": "nixpkgs",
        "rev": "628d4bb6e9f4f0c30cfd9b23d3c1cdcec9d3cb5c",
        "type": "github"
      },
      "original": {
        "owner": "nixos",
        "ref": "nixos-22.11",
        "repo": "nixpkgs",
        "type": "github"
      }
    },
    "systems": {
      "locked": {
        "lastModified": 1681028828,
        "narHash": "sha256-Vy1rq5AaRuLzOxct8nz4T6wlgyUR7zLU309k9mBC768=",
        "owner": "nix-systems",
        "repo": "default",
        "rev": "da67096a3b9bf56a91d16901293e51ba5b49a27e",
        "type": "github"
      },
      "original": {
        "owner": "nix-systems",
        "repo": "default",
        "type": "github"
      }
    },
    "wlroots": {
      "flake": false,
      "locked": {
        "host": "gitlab.freedesktop.org",
        "lastModified": 1682436395,
        "narHash": "sha256-GGEjkQO9m7YLYIXIXM76HWdhjg4Ye+oafOtyaFAYKI4=",
        "owner": "wlroots",
        "repo": "wlroots",
        "rev": "6830bfc17fd94709e2cdd4da0af989f102a26e59",
        "type": "gitlab"
      },
      "original": {
        "host": "gitlab.freedesktop.org",
        "owner": "wlroots",
        "repo": "wlroots",
        "type": "gitlab"
      }
    },
    "xdph": {
      "inputs": {
        "hyprland-protocols": [
          "hyprland",
          "hyprland-protocols"
        ],
        "nixpkgs": [
          "hyprland",
          "nixpkgs"
        ]
      },
      "locked": {
        "lastModified": 1682439384,
        "narHash": "sha256-zHDa8LCZs05TZHQSIZ3ucwyMPglBGHcqTBzfkLjYXTM=",
        "owner": "hyprwm",
        "repo": "xdg-desktop-portal-hyprland",
        "rev": "c0e233955568fbea4e859336f6d3d14d51294d7c",
        "type": "github"
      },
      "original": {
        "owner": "hyprwm",
        "repo": "xdg-desktop-portal-hyprland",
        "type": "github"
      }
    }
  },
  "root": "root",
  "version": 7
}
